<?xml version="1.0" encoding="utf-8"?>
<Project ToolsVersion="4.0" xmlns="http://schemas.microsoft.com/developer/msbuild/2003">
  <ItemGroup>
    <Filter Include="Source Files">
      <UniqueIdentifier>{4FC737F1-C7A5-4376-A066-2A32D752A2FF}</UniqueIdentifier>
      <Extensions>cpp;c;cc;cxx;def;odl;idl;hpj;bat;asm;asmx</Extensions>
    </Filter>
    <Filter Include="Header Files">
      <UniqueIdentifier>{93995380-89BD-4b04-88EB-625FBE52EBFB}</UniqueIdentifier>
      <Extensions>h;hh;hpp;hxx;hm;inl;inc;xsd</Extensions>
    </Filter>
    <Filter Include="Resource Files">
      <UniqueIdentifier>{67DA6AB6-F800-4c08-8B7A-83BB121AAD01}</UniqueIdentifier>
      <Extensions>rc;ico;cur;bmp;dlg;rc2;rct;bin;rgs;gif;jpg;jpeg;jpe;resx;tiff;tif;png;wav;mfcribbon-ms</Extensions>
    </Filter>
  </ItemGroup>
  <ItemGroup>
    <ClInclude Include="..\AI.h">
      <Filter>Header Files</Filter>
    </ClInclude>
    <ClInclude Include="..\Astar.h">
      <Filter>Header Files</Filter>
    </ClInclude>
    <ClInclude Include="..\Backtrack.h">
      <Filter>Header Files</Filter>
    </ClInclude>
    <ClInclude Include="..\Connection.h">
      <Filter>Header Files</Filter>
    </ClInclude>
    <ClInclude Include="..\Context.h">
      <Filter>Header Files</Filter>
    </ClInclude>
    <ClInclude Include="..\test.h">
      <Filter>Header Files</Filter>
    </ClInclude>
    <ClInclude Include="..\Timetable.h">
      <Filter>Header Files</Filter>
    </ClInclude>
    <ClInclude Include="..\ScenarioMaker.h">
      <Filter>Header Files</Filter>
    </ClInclude>
    <ClInclude Include="..\Sorters.h">
      <Filter>Header Files</Filter>
    </ClInclude>
    <ClInclude Include="..\SQLiteTest.h">
      <Filter>Header Files</Filter>
    </ClInclude>
    <ClInclude Include="..\CtNode.h">
      <Filter>Header Files</Filter>
    </ClInclude>
    <ClInclude Include="..\testTimeZone.h">
      <Filter>Header Files</Filter>
    </ClInclude>
    <ClInclude Include="..\testBarcelona.h">
      <Filter>Header Files</Filter>
    </ClInclude>
    <ClInclude Include="..\Duration.h">
      <Filter>Header Files</Filter>
    </ClInclude>
    <ClInclude Include="..\ScenarioMaker2.h">
      <Filter>Header Files</Filter>
    </ClInclude>
  </ItemGroup>
  <ItemGroup>
    <ClCompile Include="..\Astar.cpp">
      <Filter>Source Files</Filter>
    </ClCompile>
    <ClCompile Include="..\Backtrack.cpp">
      <Filter>Source Files</Filter>
    </ClCompile>
    <ClCompile Include="..\Connection.cpp">
      <Filter>Source Files</Filter>
    </ClCompile>
    <ClCompile Include="..\Context.cpp">
      <Filter>Source Files</Filter>
    </ClCompile>
    <ClCompile Include="..\main.cpp">
      <Filter>Source Files</Filter>
    </ClCompile>
    <ClCompile Include="..\test.cpp">
      <Filter>Source Files</Filter>
    </ClCompile>
    <ClCompile Include="..\Timetable.cpp">
      <Filter>Source Files</Filter>
    </ClCompile>
    <ClCompile Include="..\ScenarioMaker.cpp">
      <Filter>Source Files</Filter>
    </ClCompile>
    <ClCompile Include="..\Sorters.cpp">
      <Filter>Source Files</Filter>
    </ClCompile>
    <ClCompile Include="..\SQLiteTest.cpp">
      <Filter>Source Files</Filter>
    </ClCompile>
    <ClCompile Include="..\sqlite\shell.c">
      <Filter>Source Files</Filter>
    </ClCompile>
    <ClCompile Include="..\sqlite\sqlite3.c">
      <Filter>Source Files</Filter>
    </ClCompile>
    <ClCompile Include="..\testTimeZone.cpp">
      <Filter>Source Files</Filter>
    </ClCompile>
    <ClCompile Include="..\testBarcelona.cpp">
      <Filter>Source Files</Filter>
    </ClCompile>
    <ClCompile Include="..\Duration.cpp">
      <Filter>Source Files</Filter>
    </ClCompile>
    <ClCompile Include="..\ScenarioMaker2.cpp">
      <Filter>Source Files</Filter>
    </ClCompile>
  </ItemGroup>
</Project>